<?xml version="1.0" encoding="utf-8"?>
<Project ToolsVersion="4.0" xmlns="http://schemas.microsoft.com/developer/msbuild/2003">
  <ItemGroup>
    <Filter Include="Header">
      <UniqueIdentifier>{42bf8111-6387-4f6d-9cb5-9b3d41611056}</UniqueIdentifier>
      <Extensions>hh</Extensions>
    </Filter>
    <Filter Include="Source">
      <UniqueIdentifier>{23067ce8-d4dc-407f-a8de-997695f2f341}</UniqueIdentifier>
      <Extensions>cc</Extensions>
    </Filter>
  </ItemGroup>
  <ItemGroup>
    <ClCompile Include="Time.cc">
      <Filter>Source</Filter>
    </ClCompile>
    <ClCompile Include="main.cc">
      <Filter>Source</Filter>
    </ClCompile>
    <ClCompile Include="Tetris.cc">
      <Filter>Source</Filter>
    </ClCompile>
    <ClCompile Include="Console.cc">
      <Filter>Source</Filter>
    </ClCompile>
    <ClCompile Include="Screen.cc">
      <Filter>Source</Filter>
    </ClCompile>
    <ClCompile Include="Keyboard.cc">
      <Filter>Source</Filter>
    </ClCompile>
  </ItemGroup>
  <ItemGroup>
    <ClInclude Include="Time.hh">
      <Filter>Header</Filter>
    </ClInclude>
  </ItemGroup>
  <ItemGroup>
    <None Include="Tetris.hh">
      <Filter>Header</Filter>
    </None>
    <None Include="Color.hh">
      <Filter>Header</Filter>
    </None>
    <None Include="Console.hh">
      <Filter>Header</Filter>
    </None>
    <None Include="Screen.hh">
      <Filter>Header</Filter>
    </None>
    <None Include="Keyboard.hh">
      <Filter>Header</Filter>
    </None>
  </ItemGroup>
</Project>